
Microsoft Visual Studio Solution File, Format Version 12.00
# Visual Studio Version 17
VisualStudioVersion = 17.8.34330.188
MinimumVisualStudioVersion = 10.0.40219.1
Project("{FAE04EC0-301F-11D3-BF4B-00C04F79EFBC}") = "Dec21Console", "Dec21Console\Dec21Console.csproj", "{A7BDA8CC-6162-4087-A1D4-85B5AA07D1CF}"
EndProject
Global
	GlobalSection(SolutionConfigurationPlatforms) = preSolution
		Debug|Any CPU = Debug|Any CPU
		Release|Any CPU = Release|Any CPU
	EndGlobalSection
	GlobalSection(ProjectConfigurationPlatforms) = postSolution
		{A7BDA8CC-6162-4087-A1D4-85B5AA07D1CF}.Debug|Any CPU.ActiveCfg = Debug|Any CPU
		{A7BDA8CC-6162-4087-A1D4-85B5AA07D1CF}.Debug|Any CPU.Build.0 = Debug|Any CPU
		{A7BDA8CC-6162-4087-A1D4-85B5AA07D1CF}.Release|Any CPU.ActiveCfg = Release|Any CPU
		{A7BDA8CC-6162-4087-A1D4-85B5AA07D1CF}.Release|Any CPU.Build.0 = Release|Any CPU
	EndGlobalSection
	GlobalSection(SolutionProperties) = preSolution
		HideSolutionNode = FALSE
	EndGlobalSection
	GlobalSection(ExtensibilityGlobals) = postSolution
		SolutionGuid = {87C9072D-A7E6-4664-A8C3-F08972F3886D}
	EndGlobalSection
EndGlobal
